
Microsoft Visual Studio Solution File, Format Version 12.00
Project("{FAE04EC0-301F-11D3-BF4B-00C04F79EFBC}") = "Kira", "Kira\Kira.csproj", "{E928C235-3327-4E8A-896B-2FDCDE73D136}"
EndProject
Project("{FAE04EC0-301F-11D3-BF4B-00C04F79EFBC}") = "Kira.Infrastructure", "Kira.Infrastructure\Kira.Infrastructure.csproj", "{0FE08ACA-9526-49BA-BA64-AD1A47C5D190}"
EndProject
Project("{FAE04EC0-301F-11D3-BF4B-00C04F79EFBC}") = "Kira.Domain", "Kira.Domain\Kira.Domain.csproj", "{626CF2CC-78EA-4D53-BF3B-12257F9A1C0E}"
EndProject
Global
	GlobalSection(SolutionConfigurationPlatforms) = preSolution
		Debug|Any CPU = Debug|Any CPU
		Release|Any CPU = Release|Any CPU
	EndGlobalSection
	GlobalSection(ProjectConfigurationPlatforms) = postSolution
		{E928C235-3327-4E8A-896B-2FDCDE73D136}.Debug|Any CPU.ActiveCfg = Debug|Any CPU
		{E928C235-3327-4E8A-896B-2FDCDE73D136}.Debug|Any CPU.Build.0 = Debug|Any CPU
		{E928C235-3327-4E8A-896B-2FDCDE73D136}.Release|Any CPU.ActiveCfg = Release|Any CPU
		{E928C235-3327-4E8A-896B-2FDCDE73D136}.Release|Any CPU.Build.0 = Release|Any CPU
		{0FE08ACA-9526-49BA-BA64-AD1A47C5D190}.Debug|Any CPU.ActiveCfg = Debug|Any CPU
		{0FE08ACA-9526-49BA-BA64-AD1A47C5D190}.Debug|Any CPU.Build.0 = Debug|Any CPU
		{0FE08ACA-9526-49BA-BA64-AD1A47C5D190}.Release|Any CPU.ActiveCfg = Release|Any CPU
		{0FE08ACA-9526-49BA-BA64-AD1A47C5D190}.Release|Any CPU.Build.0 = Release|Any CPU
		{626CF2CC-78EA-4D53-BF3B-12257F9A1C0E}.Debug|Any CPU.ActiveCfg = Debug|Any CPU
		{626CF2CC-78EA-4D53-BF3B-12257F9A1C0E}.Debug|Any CPU.Build.0 = Debug|Any CPU
		{626CF2CC-78EA-4D53-BF3B-12257F9A1C0E}.Release|Any CPU.ActiveCfg = Release|Any CPU
		{626CF2CC-78EA-4D53-BF3B-12257F9A1C0E}.Release|Any CPU.Build.0 = Release|Any CPU
	EndGlobalSection
EndGlobal
